
Microsoft Visual Studio Solution File, Format Version 12.00
# Visual Studio Version 17
VisualStudioVersion = 17.4.33103.184
MinimumVisualStudioVersion = 10.0.40219.1
Project("{FAE04EC0-301F-11D3-BF4B-00C04F79EFBC}") = "FluentValidationDemo", "FluentValidationDemo\FluentValidationDemo.csproj", "{AC27F42A-4EFA-47C2-856C-E7F4D1762B0A}"
EndProject
Project("{FAE04EC0-301F-11D3-BF4B-00C04F79EFBC}") = "FluentValidationApi", "FluentValidationApi\FluentValidationApi.csproj", "{DFCEAFD7-6C9A-499E-9435-42EA824B4281}"
EndProject
Project("{FAE04EC0-301F-11D3-BF4B-00C04F79EFBC}") = "FluentValidationDemo.Client", "FluentValidationDemo.Client\FluentValidationDemo.Client.csproj", "{1794E915-0FC2-4C55-8AB5-4960E11E8AD0}"
EndProject
Global
	GlobalSection(SolutionConfigurationPlatforms) = preSolution
		Debug|Any CPU = Debug|Any CPU
		Release|Any CPU = Release|Any CPU
	EndGlobalSection
	GlobalSection(ProjectConfigurationPlatforms) = postSolution
		{AC27F42A-4EFA-47C2-856C-E7F4D1762B0A}.Debug|Any CPU.ActiveCfg = Debug|Any CPU
		{AC27F42A-4EFA-47C2-856C-E7F4D1762B0A}.Debug|Any CPU.Build.0 = Debug|Any CPU
		{AC27F42A-4EFA-47C2-856C-E7F4D1762B0A}.Release|Any CPU.ActiveCfg = Release|Any CPU
		{AC27F42A-4EFA-47C2-856C-E7F4D1762B0A}.Release|Any CPU.Build.0 = Release|Any CPU
		{DFCEAFD7-6C9A-499E-9435-42EA824B4281}.Debug|Any CPU.ActiveCfg = Debug|Any CPU
		{DFCEAFD7-6C9A-499E-9435-42EA824B4281}.Debug|Any CPU.Build.0 = Debug|Any CPU
		{DFCEAFD7-6C9A-499E-9435-42EA824B4281}.Release|Any CPU.ActiveCfg = Release|Any CPU
		{DFCEAFD7-6C9A-499E-9435-42EA824B4281}.Release|Any CPU.Build.0 = Release|Any CPU
		{1794E915-0FC2-4C55-8AB5-4960E11E8AD0}.Debug|Any CPU.ActiveCfg = Debug|Any CPU
		{1794E915-0FC2-4C55-8AB5-4960E11E8AD0}.Debug|Any CPU.Build.0 = Debug|Any CPU
		{1794E915-0FC2-4C55-8AB5-4960E11E8AD0}.Release|Any CPU.ActiveCfg = Release|Any CPU
		{1794E915-0FC2-4C55-8AB5-4960E11E8AD0}.Release|Any CPU.Build.0 = Release|Any CPU
	EndGlobalSection
	GlobalSection(SolutionProperties) = preSolution
		HideSolutionNode = FALSE
	EndGlobalSection
	GlobalSection(ExtensibilityGlobals) = postSolution
		SolutionGuid = {9A0FF32E-655F-4600-B87E-1420DB5C4518}
	EndGlobalSection
EndGlobal
